// !$*UTF8*$!
{
	archiveVersion = 1;
	classes = {
	};
	objectVersion = 46;
	objects = {

/* Begin PBXBuildFile section */
		C37B88881C931C4F00A78FED /* AppDelegate.swift in Sources */ = {isa = PBXBuildFile; fileRef = C37B88871C931C4F00A78FED /* AppDelegate.swift */; };
		C37B888A1C931C4F00A78FED /* ViewController.swift in Sources */ = {isa = PBXBuildFile; fileRef = C37B88891C931C4F00A78FED /* ViewController.swift */; };
		C37B888D1C931C4F00A78FED /* Main.storyboard in Resources */ = {isa = PBXBuildFile; fileRef = C37B888B1C931C4F00A78FED /* Main.storyboard */; };
		C37B888F1C931C4F00A78FED /* Assets.xcassets in Resources */ = {isa = PBXBuildFile; fileRef = C37B888E1C931C4F00A78FED /* Assets.xcassets */; };
		C37B88921C931C4F00A78FED /* LaunchScreen.storyboard in Resources */ = {isa = PBXBuildFile; fileRef = C37B88901C931C4F00A78FED /* LaunchScreen.storyboard */; };
/* End PBXBuildFile section */

/* Begin PBXFileReference section */
		C37B88841C931C4F00A78FED /* AutolayoutExample.app */ = {isa = PBXFileReference; explicitFileType = wrapper.application; includeInIndex = 0; path = AutolayoutExample.app; sourceTree = BUILT_PRODUCTS_DIR; };
		C37B88871C931C4F00A78FED /* AppDelegate.swift */ = {isa = PBXFileReference; lastKnownFileType = sourcecode.swift; path = AppDelegate.swift; sourceTree = "<group>"; };
		C37B88891C931C4F00A78FED /* ViewController.swift */ = {isa = PBXFileReference; lastKnownFileType = sourcecode.swift; path = ViewController.swift; sourceTree = "<group>"; };
		C37B888C1C931C4F00A78FED /* Base */ = {isa = PBXFileReference; lastKnownFileType = file.storyboard; name = Base; path = Base.lproj/Main.storyboard; sourceTree = "<group>"; };
		C37B888E1C931C4F00A78FED /* Assets.xcassets */ = {isa = PBXFileReference; lastKnownFileType = folder.assetcatalog; path = Assets.xcassets; sourceTree = "<group>"; };
		C37B88911C931C4F00A78FED /* Base */ = {isa = PBXFileReference; lastKnownFileType = file.storyboard; name = Base; path = Base.lproj/LaunchScreen.storyboard; sourceTree = "<group>"; };
		C37B88931C931C4F00A78FED /* Info.plist */ = {isa = PBXFileReference; lastKnownFileType = text.plist.xml; path = Info.plist; sourceTree = "<group>"; };
/* End PBXFileReference section */

/* Begin PBXFrameworksBuildPhase section */
		C37B88811C931C4E00A78FED /* Frameworks */ = {
			isa = PBXFrameworksBuildPhase;
			buildActionMask = 2147483647;
			files = (
			);
			runOnlyForDeploymentPostprocessing = 0;
		};
/* End PBXFrameworksBuildPhase section */

/* Begin PBXGroup section */
		C37B887B1C931C4E00A78FED = {
			isa = PBXGroup;
			children = (
				C37B88861C931C4F00A78FED /* AutolayoutExample */,
				C37B88851C931C4F00A78FED /* Products */,
			);
			sourceTree = "<group>";
		};
		C37B88851C931C4F00A78FED /* Products */ = {
			isa = PBXGroup;
			children = (
				C37B88841C931C4F00A78FED /* AutolayoutExample.app */,
			);
			name = Products;
			sourceTree = "<group>";
		};
		C37B88861C931C4F00A78FED /* AutolayoutExample */ = {
			isa = PBXGroup;
			children = (
				C37B88871C931C4F00A78FED /* AppDelegate.swift */,
				C37B88891C931C4F00A78FED /* ViewController.swift */,
				C37B888B1C931C4F00A78FED /* Main.storyboard */,
				C37B888E1C931C4F00A78FED /* Assets.xcassets */,
				C37B88901C931C4F00A78FED /* LaunchScreen.storyboard */,
				C37B88931C931C4F00A78FED /* Info.plist */,
			);
			path = AutolayoutExample;
			sourceTree = "<group>";
		};
/* End PBXGroup section */

/* Begin PBXNativeTarget section */
		C37B88831C931C4E00A78FED /* AutolayoutExample */ = {
			isa = PBXNativeTarget;
			buildConfigurationList = C37B88961C931C4F00A78FED /* Build configuration list for PBXNativeTarget "AutolayoutExample" */;
			buildPhases = (
				C37B88801C931C4E00A78FED /* Sources */,
				C37B88811C931C4E00A78FED /* Frameworks */,
				C37B88821C931C4E00A78FED /* Resources */,
			);
			buildRules = (
			);
			dependencies = (
			);
			name = AutolayoutExample;
			productName = AutolayoutExample;
			productReference = C37B88841C931C4F00A78FED /* AutolayoutExample.app */;
			productType = "com.apple.product-type.application";
		};
/* End PBXNativeTarget section */

/* Begin PBXProject section */
		C37B887C1C931C4E00A78FED /* Project object */ = {
			isa = PBXProject;
			attributes = {
				LastSwiftUpdateCheck = 0720;
				LastUpgradeCheck = 0720;
				ORGANIZATIONNAME = "Wasted Potential";
				TargetAttributes = {
					C37B88831C931C4E00A78FED = {
						CreatedOnToolsVersion = 7.2;
						DevelopmentTeam = 829EZL43TW;
					};
				};
			};
			buildConfigurationList = C37B887F1C931C4E00A78FED /* Build configuration list for PBXProject "AutolayoutExample" */;
			compatibilityVersion = "Xcode 3.2";
			developmentRegion = English;
			hasScannedForEncodings = 0;
			knownRegions = (
				en,
				Base,
			);
			mainGroup = C37B887B1C931C4E00A78FED;
			productRefGroup = C37B88851C931C4F00A78FED /* Products */;
			projectDirPath = "";
			projectRoot = "";
			targets = (
				C37B88831C931C4E00A78FED /* AutolayoutExample */,
			);
		};
/* End PBXProject section */

/* Begin PBXResourcesBuildPhase section */
		C37B88821C931C4E00A78FED /* Resources */ = {
			isa = PBXResourcesBuildPhase;
			buildActionMask = 2147483647;
			files = (
				C37B88921C931C4F00A78FED /* LaunchScreen.storyboard in Resources */,
				C37B888F1C931C4F00A78FED /* Assets.xcassets in Resources */,
				C37B888D1C931C4F00A78FED /* Main.storyboard in Resources */,
			);
			runOnlyForDeploymentPostprocessing = 0;
		};
/* End PBXResourcesBuildPhase section */

/* Begin PBXSourcesBuildPhase section */
		C37B88801C931C4E00A78FED /* Sources */ = {
			isa = PBXSourcesBuildPhase;
			buildActionMask = 2147483647;
			files = (
				C37B888A1C931C4F00A78FED /* ViewController.swift in Sources */,
				C37B88881C931C4F00A78FED /* AppDelegate.swift in Sources */,
			);
			runOnlyForDeploymentPostprocessing = 0;
		};
/* End PBXSourcesBuildPhase section */

/* Begin PBXVariantGroup section */
		C37B888B1C931C4F00A78FED /* Main.storyboard */ = {
			isa = PBXVariantGroup;
			children = (
				C37B888C1C931C4F00A78FED /* Base */,
			);
			name = Main.storyboard;
			sourceTree = "<group>";
		};
		C37B88901C931C4F00A78FED /* LaunchScreen.storyboard */ = {
			isa = PBXVariantGroup;
			children = (
				C37B88911C931C4F00A78FED /* Base */,
			);
			name = LaunchScreen.storyboard;
			sourceTree = "<group>";
		};
/* End PBXVariantGroup section */

/* Begin XCBuildConfiguration section */
		C37B88941C931C4F00A78FED /* Debug */ = {
			isa = XCBuildConfiguration;
			buildSettings = {
				ALWAYS_SEARCH_USER_PATHS = NO;
				CLANG_CXX_LANGUAGE_STANDARD = "gnu++0x";
				CLANG_CXX_LIBRARY = "libc++";
				CLANG_ENABLE_MODULES = YES;
				CLANG_ENABLE_OBJC_ARC = YES;
				CLANG_WARN_BOOL_CONVERSION = YES;
				CLANG_WARN_CONSTANT_CONVERSION = YES;
				CLANG_WARN_DIRECT_OBJC_ISA_USAGE = YES_ERROR;
				CLANG_WARN_EMPTY_BODY = YES;
				CLANG_WARN_ENUM_CONVERSION = YES;
				CLANG_WARN_INT_CONVERSION = YES;
				CLANG_WARN_OBJC_ROOT_CLASS = YES_ERROR;
				CLANG_WARN_UNREACHABLE_CODE = YES;
				CLANG_WARN__DUPLICATE_METHOD_MATCH = YES;
				"CODE_SIGN_IDENTITY[sdk=iphoneos*]" = "iPhone Developer";
				COPY_PHASE_STRIP = NO;
				DEBUG_INFORMATION_FORMAT = dwarf;
				ENABLE_STRICT_OBJC_MSGSEND = YES;
				ENABLE_TESTABILITY = YES;
				GCC_C_LANGUAGE_STANDARD = gnu99;
				GCC_DYNAMIC_NO_PIC = NO;
				GCC_NO_COMMON_BLOCKS = YES;
				GCC_OPTIMIZATION_LEVEL = 0;
				GCC_PREPROCESSOR_DEFINITIONS = (
					"DEBUG=1",
					"$(inherited)",
				);
				GCC_WARN_64_TO_32_BIT_CONVERSION = YES;
				GCC_WARN_ABOUT_RETURN_TYPE = YES_ERROR;
				GCC_WARN_UNDECLARED_SELECTOR = YES;
				GCC_WARN_UNINITIALIZED_AUTOS = YES_AGGRESSIVE;
				GCC_WARN_UNUSED_FUNCTION = YES;
				GCC_WARN_UNUSED_VARIABLE = YES;
				IPHONEOS_DEPLOYMENT_TARGET = 9.2;
				MTL_ENABLE_DEBUG_INFO = YES;
				ONLY_ACTIVE_ARCH = YES;
				SDKROOT = iphoneos;
				SWIFT_OPTIMIZATION_LEVEL = "-Onone";
				TARGETED_DEVICE_FAMILY = "1,2";
			};
			name = Debug;
		};
		C37B88951C931C4F00A78FED /* Release */ = {
			isa = XCBuildConfiguration;
			buildSettings = {
				ALWAYS_SEARCH_USER_PATHS = NO;
				CLANG_CXX_LANGUAGE_STANDARD = "gnu++0x";
				CLANG_CXX_LIBRARY = "libc++";
				CLANG_ENABLE_MODULES = YES;
				CLANG_ENABLE_OBJC_ARC = YES;
				CLANG_WARN_BOOL_CONVERSION = YES;
				CLANG_WARN_CONSTANT_CONVERSION = YES;
				CLANG_WARN_DIRECT_OBJC_ISA_USAGE = YES_ERROR;
				CLANG_WARN_EMPTY_BODY = YES;
				CLANG_WARN_ENUM_CONVERSION = YES;
				CLANG_WARN_INT_CONVERSION = YES;
				CLANG_WARN_OBJC_ROOT_CLASS = YES_ERROR;
				CLANG_WARN_UNREACHABLE_CODE = YES;
				CLANG_WARN__DUPLICATE_METHOD_MATCH = YES;
				"CODE_SIGN_IDENTITY[sdk=iphoneos*]" = "iPhone Developer";
				COPY_PHASE_STRIP = NO;
				DEBUG_INFORMATION_FORMAT = "dwarf-with-dsym";
				ENABLE_NS_ASSERTIONS = NO;
				ENABLE_STRICT_OBJC_MSGSEND = YES;
				GCC_C_LANGUAGE_STANDARD = gnu99;
				GCC_NO_COMMON_BLOCKS = YES;
				GCC_WARN_64_TO_32_BIT_CONVERSION = YES;
				GCC_WARN_ABOUT_RETURN_TYPE = YES_ERROR;
				GCC_WARN_UNDECLARED_SELECTOR = YES;
				GCC_WARN_UNINITIALIZED_AUTOS = YES_AGGRESSIVE;
				GCC_WARN_UNUSED_FUNCTION = YES;
				GCC_WARN_UNUSED_VARIABLE = YES;
				IPHONEOS_DEPLOYMENT_TARGET = 9.2;
				MTL_ENABLE_DEBUG_INFO = NO;
				SDKROOT = iphoneos;
				TARGETED_DEVICE_FAMILY = "1,2";
				VALIDATE_PRODUCT = YES;
			};
			name = Release;
		};
		C37B88971C931C4F00A78FED /* Debug */ = {
			isa = XCBuildConfiguration;
			buildSettings = {
				ASSETCATALOG_COMPILER_APPICON_NAME = AppIcon;
				INFOPLIST_FILE = AutolayoutExample/Info.plist;
				LD_RUNPATH_SEARCH_PATHS = "$(inherited) @executable_path/Frameworks";
				PRODUCT_BUNDLE_IDENTIFIER = com.wastedpotential.AutolayoutExample;
				PRODUCT_NAME = "$(TARGET_NAME)";
			};
			name = Debug;
		};
		C37B88981C931C4F00A78FED /* Release */ = {
			isa = XCBuildConfiguration;
			buildSettings = {
				ASSETCATALOG_COMPILER_APPICON_NAME = AppIcon;
				INFOPLIST_FILE = AutolayoutExample/Info.plist;
				LD_RUNPATH_SEARCH_PATHS = "$(inherited) @executable_path/Frameworks";
				PRODUCT_BUNDLE_IDENTIFIER = com.wastedpotential.AutolayoutExample;
				PRODUCT_NAME = "$(TARGET_NAME)";
			};
			name = Release;
		};
/* End XCBuildConfiguration section */

/* Begin XCConfigurationList section */
		C37B887F1C931C4E00A78FED /* Build configuration list for PBXProject "AutolayoutExample" */ = {
			isa = XCConfigurationList;
			buildConfigurations = (
				C37B88941C931C4F00A78FED /* Debug */,
				C37B88951C931C4F00A78FED /* Release */,
			);
			defaultConfigurationIsVisible = 0;
			defaultConfigurationName = Release;
		};
		C37B88961C931C4F00A78FED /* Build configuration list for PBXNativeTarget "AutolayoutExample" */ = {
			isa = XCConfigurationList;
			buildConfigurations = (
				C37B88971C931C4F00A78FED /* Debug */,
				C37B88981C931C4F00A78FED /* Release */,
			);
			defaultConfigurationIsVisible = 0;
		};
/* End XCConfigurationList section */
	};
	rootObject = C37B887C1C931C4E00A78FED /* Project object */;
}
